Microsoft Visual Studio Solution File, Format Version 11.00
# Visual Studio 2008

Project("{82F48EDE-D684-E7C0-EE9E-B2E1DD915337}") = "1st_class", "Assembly-CSharp.csproj", "{6B84467B-AE5B-D681-D8FB-F794944E1ED2}"
EndProject
Global
	GlobalSection(SolutionConfigurationPlatforms) = preSolution
		Debug|Any CPU = Debug|Any CPU
		Release|Any CPU = Release|Any CPU
	EndGlobalSection
	GlobalSection(ProjectConfigurationPlatforms) = postSolution
		{6B84467B-AE5B-D681-D8FB-F794944E1ED2}.Debug|Any CPU.ActiveCfg = Debug|Any CPU
		{6B84467B-AE5B-D681-D8FB-F794944E1ED2}.Debug|Any CPU.Build.0 = Debug|Any CPU
		{6B84467B-AE5B-D681-D8FB-F794944E1ED2}.Release|Any CPU.ActiveCfg = Release|Any CPU
		{6B84467B-AE5B-D681-D8FB-F794944E1ED2}.Release|Any CPU.Build.0 = Release|Any CPU
	EndGlobalSection
	GlobalSection(SolutionProperties) = preSolution
		HideSolutionNode = FALSE
	EndGlobalSection
	GlobalSection(MonoDevelopProperties) = preSolution
		StartupItem = Assembly-CSharp.csproj
	EndGlobalSection
EndGlobal
